// !$*UTF8*$!
{
	archiveVersion = 1;
	classes = {
	};
	objectVersion = 46;
	objects = {

/* Begin PBXBuildFile section */
		A86514551B1391E50002C50D /* AppDelegate.swift in Sources */ = {isa = PBXBuildFile; fileRef = A86514541B1391E50002C50D /* AppDelegate.swift */; };
		A86514571B1391E50002C50D /* ViewController.swift in Sources */ = {isa = PBXBuildFile; fileRef = A86514561B1391E50002C50D /* ViewController.swift */; };
		A865145A1B1391E50002C50D /* Main.storyboard in Resources */ = {isa = PBXBuildFile; fileRef = A86514581B1391E50002C50D /* Main.storyboard */; };
		A865145C1B1391E50002C50D /* Images.xcassets in Resources */ = {isa = PBXBuildFile; fileRef = A865145B1B1391E50002C50D /* Images.xcassets */; };
		A865145F1B1391E50002C50D /* LaunchScreen.xib in Resources */ = {isa = PBXBuildFile; fileRef = A865145D1B1391E50002C50D /* LaunchScreen.xib */; };
		A865146B1B1391E50002C50D /* On_The_MapTests.swift in Sources */ = {isa = PBXBuildFile; fileRef = A865146A1B1391E50002C50D /* On_The_MapTests.swift */; };
/* End PBXBuildFile section */

/* Begin PBXContainerItemProxy section */
		A86514651B1391E50002C50D /* PBXContainerItemProxy */ = {
			isa = PBXContainerItemProxy;
			containerPortal = A86514471B1391E50002C50D /* Project object */;
			proxyType = 1;
			remoteGlobalIDString = A865144E1B1391E50002C50D;
			remoteInfo = "On The Map";
		};
/* End PBXContainerItemProxy section */

/* Begin PBXFileReference section */
		A865144F1B1391E50002C50D /* On The Map.app */ = {isa = PBXFileReference; explicitFileType = wrapper.application; includeInIndex = 0; path = "On The Map.app"; sourceTree = BUILT_PRODUCTS_DIR; };
		A86514531B1391E50002C50D /* Info.plist */ = {isa = PBXFileReference; lastKnownFileType = text.plist.xml; path = Info.plist; sourceTree = "<group>"; };
		A86514541B1391E50002C50D /* AppDelegate.swift */ = {isa = PBXFileReference; lastKnownFileType = sourcecode.swift; path = AppDelegate.swift; sourceTree = "<group>"; };
		A86514561B1391E50002C50D /* ViewController.swift */ = {isa = PBXFileReference; lastKnownFileType = sourcecode.swift; path = ViewController.swift; sourceTree = "<group>"; };
		A86514591B1391E50002C50D /* Base */ = {isa = PBXFileReference; lastKnownFileType = file.storyboard; name = Base; path = Base.lproj/Main.storyboard; sourceTree = "<group>"; };
		A865145B1B1391E50002C50D /* Images.xcassets */ = {isa = PBXFileReference; lastKnownFileType = folder.assetcatalog; path = Images.xcassets; sourceTree = "<group>"; };
		A865145E1B1391E50002C50D /* Base */ = {isa = PBXFileReference; lastKnownFileType = file.xib; name = Base; path = Base.lproj/LaunchScreen.xib; sourceTree = "<group>"; };
		A86514641B1391E50002C50D /* On The MapTests.xctest */ = {isa = PBXFileReference; explicitFileType = wrapper.cfbundle; includeInIndex = 0; path = "On The MapTests.xctest"; sourceTree = BUILT_PRODUCTS_DIR; };
		A86514691B1391E50002C50D /* Info.plist */ = {isa = PBXFileReference; lastKnownFileType = text.plist.xml; path = Info.plist; sourceTree = "<group>"; };
		A865146A1B1391E50002C50D /* On_The_MapTests.swift */ = {isa = PBXFileReference; lastKnownFileType = sourcecode.swift; path = On_The_MapTests.swift; sourceTree = "<group>"; };
/* End PBXFileReference section */

/* Begin PBXFrameworksBuildPhase section */
		A865144C1B1391E50002C50D /* Frameworks */ = {
			isa = PBXFrameworksBuildPhase;
			buildActionMask = 2147483647;
			files = (
			);
			runOnlyForDeploymentPostprocessing = 0;
		};
		A86514611B1391E50002C50D /* Frameworks */ = {
			isa = PBXFrameworksBuildPhase;
			buildActionMask = 2147483647;
			files = (
			);
			runOnlyForDeploymentPostprocessing = 0;
		};
/* End PBXFrameworksBuildPhase section */

/* Begin PBXGroup section */
		A86514461B1391E40002C50D = {
			isa = PBXGroup;
			children = (
				A86514511B1391E50002C50D /* On The Map */,
				A86514671B1391E50002C50D /* On The MapTests */,
				A86514501B1391E50002C50D /* Products */,
			);
			sourceTree = "<group>";
		};
		A86514501B1391E50002C50D /* Products */ = {
			isa = PBXGroup;
			children = (
				A865144F1B1391E50002C50D /* On The Map.app */,
				A86514641B1391E50002C50D /* On The MapTests.xctest */,
			);
			name = Products;
			sourceTree = "<group>";
		};
		A86514511B1391E50002C50D /* On The Map */ = {
			isa = PBXGroup;
			children = (
				A86514541B1391E50002C50D /* AppDelegate.swift */,
				A86514561B1391E50002C50D /* ViewController.swift */,
				A86514581B1391E50002C50D /* Main.storyboard */,
				A865145B1B1391E50002C50D /* Images.xcassets */,
				A865145D1B1391E50002C50D /* LaunchScreen.xib */,
				A86514521B1391E50002C50D /* Supporting Files */,
			);
			path = "On The Map";
			sourceTree = "<group>";
		};
		A86514521B1391E50002C50D /* Supporting Files */ = {
			isa = PBXGroup;
			children = (
				A86514531B1391E50002C50D /* Info.plist */,
			);
			name = "Supporting Files";
			sourceTree = "<group>";
		};
		A86514671B1391E50002C50D /* On The MapTests */ = {
			isa = PBXGroup;
			children = (
				A865146A1B1391E50002C50D /* On_The_MapTests.swift */,
				A86514681B1391E50002C50D /* Supporting Files */,
			);
			path = "On The MapTests";
			sourceTree = "<group>";
		};
		A86514681B1391E50002C50D /* Supporting Files */ = {
			isa = PBXGroup;
			children = (
				A86514691B1391E50002C50D /* Info.plist */,
			);
			name = "Supporting Files";
			sourceTree = "<group>";
		};
/* End PBXGroup section */

/* Begin PBXNativeTarget section */
		A865144E1B1391E50002C50D /* On The Map */ = {
			isa = PBXNativeTarget;
			buildConfigurationList = A865146E1B1391E50002C50D /* Build configuration list for PBXNativeTarget "On The Map" */;
			buildPhases = (
				A865144B1B1391E50002C50D /* Sources */,
				A865144C1B1391E50002C50D /* Frameworks */,
				A865144D1B1391E50002C50D /* Resources */,
			);
			buildRules = (
			);
			dependencies = (
			);
			name = "On The Map";
			productName = "On The Map";
			productReference = A865144F1B1391E50002C50D /* On The Map.app */;
			productType = "com.apple.product-type.application";
		};
		A86514631B1391E50002C50D /* On The MapTests */ = {
			isa = PBXNativeTarget;
			buildConfigurationList = A86514711B1391E50002C50D /* Build configuration list for PBXNativeTarget "On The MapTests" */;
			buildPhases = (
				A86514601B1391E50002C50D /* Sources */,
				A86514611B1391E50002C50D /* Frameworks */,
				A86514621B1391E50002C50D /* Resources */,
			);
			buildRules = (
			);
			dependencies = (
				A86514661B1391E50002C50D /* PBXTargetDependency */,
			);
			name = "On The MapTests";
			productName = "On The MapTests";
			productReference = A86514641B1391E50002C50D /* On The MapTests.xctest */;
			productType = "com.apple.product-type.bundle.unit-test";
		};
/* End PBXNativeTarget section */

/* Begin PBXProject section */
		A86514471B1391E50002C50D /* Project object */ = {
			isa = PBXProject;
			attributes = {
				LastUpgradeCheck = 0630;
				ORGANIZATIONNAME = Twelker;
				TargetAttributes = {
					A865144E1B1391E50002C50D = {
						CreatedOnToolsVersion = 6.3.1;
					};
					A86514631B1391E50002C50D = {
						CreatedOnToolsVersion = 6.3.1;
						TestTargetID = A865144E1B1391E50002C50D;
					};
				};
			};
			buildConfigurationList = A865144A1B1391E50002C50D /* Build configuration list for PBXProject "On The Map" */;
			compatibilityVersion = "Xcode 3.2";
			developmentRegion = English;
			hasScannedForEncodings = 0;
			knownRegions = (
				en,
				Base,
			);
			mainGroup = A86514461B1391E40002C50D;
			productRefGroup = A86514501B1391E50002C50D /* Products */;
			projectDirPath = "";
			projectRoot = "";
			targets = (
				A865144E1B1391E50002C50D /* On The Map */,
				A86514631B1391E50002C50D /* On The MapTests */,
			);
		};
/* End PBXProject section */

/* Begin PBXResourcesBuildPhase section */
		A865144D1B1391E50002C50D /* Resources */ = {
			isa = PBXResourcesBuildPhase;
			buildActionMask = 2147483647;
			files = (
				A865145A1B1391E50002C50D /* Main.storyboard in Resources */,
				A865145F1B1391E50002C50D /* LaunchScreen.xib in Resources */,
				A865145C1B1391E50002C50D /* Images.xcassets in Resources */,
			);
			runOnlyForDeploymentPostprocessing = 0;
		};
		A86514621B1391E50002C50D /* Resources */ = {
			isa = PBXResourcesBuildPhase;
			buildActionMask = 2147483647;
			files = (
			);
			runOnlyForDeploymentPostprocessing = 0;
		};
/* End PBXResourcesBuildPhase section */

/* Begin PBXSourcesBuildPhase section */
		A865144B1B1391E50002C50D /* Sources */ = {
			isa = PBXSourcesBuildPhase;
			buildActionMask = 2147483647;
			files = (
				A86514571B1391E50002C50D /* ViewController.swift in Sources */,
				A86514551B1391E50002C50D /* AppDelegate.swift in Sources */,
			);
			runOnlyForDeploymentPostprocessing = 0;
		};
		A86514601B1391E50002C50D /* Sources */ = {
			isa = PBXSourcesBuildPhase;
			buildActionMask = 2147483647;
			files = (
				A865146B1B1391E50002C50D /* On_The_MapTests.swift in Sources */,
			);
			runOnlyForDeploymentPostprocessing = 0;
		};
/* End PBXSourcesBuildPhase section */

/* Begin PBXTargetDependency section */
		A86514661B1391E50002C50D /* PBXTargetDependency */ = {
			isa = PBXTargetDependency;
			target = A865144E1B1391E50002C50D /* On The Map */;
			targetProxy = A86514651B1391E50002C50D /* PBXContainerItemProxy */;
		};
/* End PBXTargetDependency section */

/* Begin PBXVariantGroup section */
		A86514581B1391E50002C50D /* Main.storyboard */ = {
			isa = PBXVariantGroup;
			children = (
				A86514591B1391E50002C50D /* Base */,
			);
			name = Main.storyboard;
			sourceTree = "<group>";
		};
		A865145D1B1391E50002C50D /* LaunchScreen.xib */ = {
			isa = PBXVariantGroup;
			children = (
				A865145E1B1391E50002C50D /* Base */,
			);
			name = LaunchScreen.xib;
			sourceTree = "<group>";
		};
/* End PBXVariantGroup section */

/* Begin XCBuildConfiguration section */
		A865146C1B1391E50002C50D /* Debug */ = {
			isa = XCBuildConfiguration;
			buildSettings = {
				ALWAYS_SEARCH_USER_PATHS = NO;
				CLANG_CXX_LANGUAGE_STANDARD = "gnu++0x";
				CLANG_CXX_LIBRARY = "libc++";
				CLANG_ENABLE_MODULES = YES;
				CLANG_ENABLE_OBJC_ARC = YES;
				CLANG_WARN_BOOL_CONVERSION = YES;
				CLANG_WARN_CONSTANT_CONVERSION = YES;
				CLANG_WARN_DIRECT_OBJC_ISA_USAGE = YES_ERROR;
				CLANG_WARN_EMPTY_BODY = YES;
				CLANG_WARN_ENUM_CONVERSION = YES;
				CLANG_WARN_INT_CONVERSION = YES;
				CLANG_WARN_OBJC_ROOT_CLASS = YES_ERROR;
				CLANG_WARN_UNREACHABLE_CODE = YES;
				CLANG_WARN__DUPLICATE_METHOD_MATCH = YES;
				"CODE_SIGN_IDENTITY[sdk=iphoneos*]" = "iPhone Developer";
				COPY_PHASE_STRIP = NO;
				DEBUG_INFORMATION_FORMAT = "dwarf-with-dsym";
				ENABLE_STRICT_OBJC_MSGSEND = YES;
				GCC_C_LANGUAGE_STANDARD = gnu99;
				GCC_DYNAMIC_NO_PIC = NO;
				GCC_NO_COMMON_BLOCKS = YES;
				GCC_OPTIMIZATION_LEVEL = 0;
				GCC_PREPROCESSOR_DEFINITIONS = (
					"DEBUG=1",
					"$(inherited)",
				);
				GCC_SYMBOLS_PRIVATE_EXTERN = NO;
				GCC_WARN_64_TO_32_BIT_CONVERSION = YES;
				GCC_WARN_ABOUT_RETURN_TYPE = YES_ERROR;
				GCC_WARN_UNDECLARED_SELECTOR = YES;
				GCC_WARN_UNINITIALIZED_AUTOS = YES_AGGRESSIVE;
				GCC_WARN_UNUSED_FUNCTION = YES;
				GCC_WARN_UNUSED_VARIABLE = YES;
				IPHONEOS_DEPLOYMENT_TARGET = 8.3;
				MTL_ENABLE_DEBUG_INFO = YES;
				ONLY_ACTIVE_ARCH = YES;
				SDKROOT = iphoneos;
				SWIFT_OPTIMIZATION_LEVEL = "-Onone";
			};
			name = Debug;
		};
		A865146D1B1391E50002C50D /* Release */ = {
			isa = XCBuildConfiguration;
			buildSettings = {
				ALWAYS_SEARCH_USER_PATHS = NO;
				CLANG_CXX_LANGUAGE_STANDARD = "gnu++0x";
				CLANG_CXX_LIBRARY = "libc++";
				CLANG_ENABLE_MODULES = YES;
				CLANG_ENABLE_OBJC_ARC = YES;
				CLANG_WARN_BOOL_CONVERSION = YES;
				CLANG_WARN_CONSTANT_CONVERSION = YES;
				CLANG_WARN_DIRECT_OBJC_ISA_USAGE = YES_ERROR;
				CLANG_WARN_EMPTY_BODY = YES;
				CLANG_WARN_ENUM_CONVERSION = YES;
				CLANG_WARN_INT_CONVERSION = YES;
				CLANG_WARN_OBJC_ROOT_CLASS = YES_ERROR;
				CLANG_WARN_UNREACHABLE_CODE = YES;
				CLANG_WARN__DUPLICATE_METHOD_MATCH = YES;
				"CODE_SIGN_IDENTITY[sdk=iphoneos*]" = "iPhone Developer";
				COPY_PHASE_STRIP = NO;
				DEBUG_INFORMATION_FORMAT = "dwarf-with-dsym";
				ENABLE_NS_ASSERTIONS = NO;
				ENABLE_STRICT_OBJC_MSGSEND = YES;
				GCC_C_LANGUAGE_STANDARD = gnu99;
				GCC_NO_COMMON_BLOCKS = YES;
				GCC_WARN_64_TO_32_BIT_CONVERSION = YES;
				GCC_WARN_ABOUT_RETURN_TYPE = YES_ERROR;
				GCC_WARN_UNDECLARED_SELECTOR = YES;
				GCC_WARN_UNINITIALIZED_AUTOS = YES_AGGRESSIVE;
				GCC_WARN_UNUSED_FUNCTION = YES;
				GCC_WARN_UNUSED_VARIABLE = YES;
				IPHONEOS_DEPLOYMENT_TARGET = 8.3;
				MTL_ENABLE_DEBUG_INFO = NO;
				SDKROOT = iphoneos;
				VALIDATE_PRODUCT = YES;
			};
			name = Release;
		};
		A865146F1B1391E50002C50D /* Debug */ = {
			isa = XCBuildConfiguration;
			buildSettings = {
				ASSETCATALOG_COMPILER_APPICON_NAME = AppIcon;
				INFOPLIST_FILE = "On The Map/Info.plist";
				LD_RUNPATH_SEARCH_PATHS = "$(inherited) @executable_path/Frameworks";
				PRODUCT_NAME = "$(TARGET_NAME)";
			};
			name = Debug;
		};
		A86514701B1391E50002C50D /* Release */ = {
			isa = XCBuildConfiguration;
			buildSettings = {
				ASSETCATALOG_COMPILER_APPICON_NAME = AppIcon;
				INFOPLIST_FILE = "On The Map/Info.plist";
				LD_RUNPATH_SEARCH_PATHS = "$(inherited) @executable_path/Frameworks";
				PRODUCT_NAME = "$(TARGET_NAME)";
			};
			name = Release;
		};
		A86514721B1391E50002C50D /* Debug */ = {
			isa = XCBuildConfiguration;
			buildSettings = {
				BUNDLE_LOADER = "$(TEST_HOST)";
				FRAMEWORK_SEARCH_PATHS = (
					"$(SDKROOT)/Developer/Library/Frameworks",
					"$(inherited)",
				);
				GCC_PREPROCESSOR_DEFINITIONS = (
					"DEBUG=1",
					"$(inherited)",
				);
				INFOPLIST_FILE = "On The MapTests/Info.plist";
				LD_RUNPATH_SEARCH_PATHS = "$(inherited) @executable_path/Frameworks @loader_path/Frameworks";
				PRODUCT_NAME = "$(TARGET_NAME)";
				TEST_HOST = "$(BUILT_PRODUCTS_DIR)/On The Map.app/On The Map";
			};
			name = Debug;
		};
		A86514731B1391E50002C50D /* Release */ = {
			isa = XCBuildConfiguration;
			buildSettings = {
				BUNDLE_LOADER = "$(TEST_HOST)";
				FRAMEWORK_SEARCH_PATHS = (
					"$(SDKROOT)/Developer/Library/Frameworks",
					"$(inherited)",
				);
				INFOPLIST_FILE = "On The MapTests/Info.plist";
				LD_RUNPATH_SEARCH_PATHS = "$(inherited) @executable_path/Frameworks @loader_path/Frameworks";
				PRODUCT_NAME = "$(TARGET_NAME)";
				TEST_HOST = "$(BUILT_PRODUCTS_DIR)/On The Map.app/On The Map";
			};
			name = Release;
		};
/* End XCBuildConfiguration section */

/* Begin XCConfigurationList section */
		A865144A1B1391E50002C50D /* Build configuration list for PBXProject "On The Map" */ = {
			isa = XCConfigurationList;
			buildConfigurations = (
				A865146C1B1391E50002C50D /* Debug */,
				A865146D1B1391E50002C50D /* Release */,
			);
			defaultConfigurationIsVisible = 0;
			defaultConfigurationName = Release;
		};
		A865146E1B1391E50002C50D /* Build configuration list for PBXNativeTarget "On The Map" */ = {
			isa = XCConfigurationList;
			buildConfigurations = (
				A865146F1B1391E50002C50D /* Debug */,
				A86514701B1391E50002C50D /* Release */,
			);
			defaultConfigurationIsVisible = 0;
		};
		A86514711B1391E50002C50D /* Build configuration list for PBXNativeTarget "On The MapTests" */ = {
			isa = XCConfigurationList;
			buildConfigurations = (
				A86514721B1391E50002C50D /* Debug */,
				A86514731B1391E50002C50D /* Release */,
			);
			defaultConfigurationIsVisible = 0;
		};
/* End XCConfigurationList section */
	};
	rootObject = A86514471B1391E50002C50D /* Project object */;
}
